{
    "name": "ra-input-rich-text",
    "version": "3.7.1",
    "lockfileVersion": 1,
    "requires": true,
    "dependencies": {
        "@babel/runtime": {
            "version": "7.11.0",
            "resolved": "https://registry.npmjs.org/@babel/runtime/-/runtime-7.11.0.tgz",
            "integrity": "sha512-qArkXsjJq7H+T86WrIFV0Fnu/tNOkZ4cgXmjkzAu3b/58D5mFIO8JH/y77t7C9q0OdDRdh9s7Ue5GasYssxtXw==",
            "requires": {
                "regenerator-runtime": "^0.13.4"
            }
        },
        "@emotion/hash": {
            "version": "0.8.0",
            "resolved": "https://registry.npmjs.org/@emotion/hash/-/hash-0.8.0.tgz",
            "integrity": "sha512-kBJtf7PH6aWwZ6fka3zQ0p6SBYzx4fl1LoZXE2RrnYST9Xljm7WfKJrU4g/Xr3Beg72MLrp1AWNUmuYJTL7Cow=="
        },
        "@material-ui/core": {
            "version": "4.11.0",
            "resolved": "https://registry.npmjs.org/@material-ui/core/-/core-4.11.0.tgz",
            "integrity": "sha512-bYo9uIub8wGhZySHqLQ833zi4ZML+XCBE1XwJ8EuUVSpTWWG57Pm+YugQToJNFsEyiKFhPh8DPD0bgupz8n01g==",
            "requires": {
                "@babel/runtime": "^7.4.4",
                "@material-ui/styles": "^4.10.0",
                "@material-ui/system": "^4.9.14",
                "@material-ui/types": "^5.1.0",
                "@material-ui/utils": "^4.10.2",
                "@types/react-transition-group": "^4.2.0",
                "clsx": "^1.0.4",
                "hoist-non-react-statics": "^3.3.2",
                "popper.js": "1.16.1-lts",
                "prop-types": "^15.7.2",
                "react-is": "^16.8.0",
                "react-transition-group": "^4.4.0"
            }
        },
        "@material-ui/styles": {
            "version": "4.10.0",
            "resolved": "https://registry.npmjs.org/@material-ui/styles/-/styles-4.10.0.tgz",
            "integrity": "sha512-XPwiVTpd3rlnbfrgtEJ1eJJdFCXZkHxy8TrdieaTvwxNYj42VnnCyFzxYeNW9Lhj4V1oD8YtQ6S5Gie7bZDf7Q==",
            "requires": {
                "@babel/runtime": "^7.4.4",
                "@emotion/hash": "^0.8.0",
                "@material-ui/types": "^5.1.0",
                "@material-ui/utils": "^4.9.6",
                "clsx": "^1.0.4",
                "csstype": "^2.5.2",
                "hoist-non-react-statics": "^3.3.2",
                "jss": "^10.0.3",
                "jss-plugin-camel-case": "^10.0.3",
                "jss-plugin-default-unit": "^10.0.3",
                "jss-plugin-global": "^10.0.3",
                "jss-plugin-nested": "^10.0.3",
                "jss-plugin-props-sort": "^10.0.3",
                "jss-plugin-rule-value-function": "^10.0.3",
                "jss-plugin-vendor-prefixer": "^10.0.3",
                "prop-types": "^15.7.2"
            }
        },
        "@material-ui/system": {
            "version": "4.9.14",
            "resolved": "https://registry.npmjs.org/@material-ui/system/-/system-4.9.14.tgz",
            "integrity": "sha512-oQbaqfSnNlEkXEziDcJDDIy8pbvwUmZXWNqlmIwDqr/ZdCK8FuV3f4nxikUh7hvClKV2gnQ9djh5CZFTHkZj3w==",
            "requires": {
                "@babel/runtime": "^7.4.4",
                "@material-ui/utils": "^4.9.6",
                "csstype": "^2.5.2",
                "prop-types": "^15.7.2"
            }
        },
        "@material-ui/types": {
            "version": "5.1.0",
            "resolved": "https://registry.npmjs.org/@material-ui/types/-/types-5.1.0.tgz",
            "integrity": "sha512-7cqRjrY50b8QzRSYyhSpx4WRw2YuO0KKIGQEVk5J8uoz2BanawykgZGoWEqKm7pVIbzFDN0SpPcVV4IhOFkl8A=="
        },
        "@material-ui/utils": {
            "version": "4.10.2",
            "resolved": "https://registry.npmjs.org/@material-ui/utils/-/utils-4.10.2.tgz",
            "integrity": "sha512-eg29v74P7W5r6a4tWWDAAfZldXIzfyO1am2fIsC39hdUUHm/33k6pGOKPbgDjg/U/4ifmgAePy/1OjkKN6rFRw==",
            "requires": {
                "@babel/runtime": "^7.4.4",
                "prop-types": "^15.7.2",
                "react-is": "^16.8.0"
            }
        },
        "@types/prop-types": {
            "version": "15.7.3",
            "resolved": "https://registry.npmjs.org/@types/prop-types/-/prop-types-15.7.3.tgz",
            "integrity": "sha512-KfRL3PuHmqQLOG+2tGpRO26Ctg+Cq1E01D2DMriKEATHgWLfeNDmq9e29Q9WIky0dQ3NPkd1mzYH8Lm936Z9qw=="
        },
        "@types/quill": {
            "version": "1.3.10",
            "resolved": "https://registry.npmjs.org/@types/quill/-/quill-1.3.10.tgz",
            "integrity": "sha512-IhW3fPW+bkt9MLNlycw8u8fWb7oO7W5URC9MfZYHBlA24rex9rs23D5DETChu1zvgVdc5ka64ICjJOgQMr6Shw==",
            "requires": {
                "parchment": "^1.1.2"
            }
        },
        "@types/react": {
            "version": "16.9.44",
            "resolved": "https://registry.npmjs.org/@types/react/-/react-16.9.44.tgz",
            "integrity": "sha512-BtLoJrXdW8DVZauKP+bY4Kmiq7ubcJq+H/aCpRfvPF7RAT3RwR73Sg8szdc2YasbAlWBDrQ6Q+AFM0KwtQY+WQ==",
            "requires": {
                "@types/prop-types": "*",
                "csstype": "^3.0.2"
            },
            "dependencies": {
                "csstype": {
                    "version": "3.0.2",
                    "resolved": "https://registry.npmjs.org/csstype/-/csstype-3.0.2.tgz",
                    "integrity": "sha512-ofovWglpqoqbfLNOTBNZLSbMuGrblAf1efvvArGKOZMBrIoJeu5UsAipQolkijtyQx5MtAzT/J9IHj/CEY1mJw=="
                }
            }
        },
        "@types/react-transition-group": {
            "version": "4.4.0",
            "resolved": "https://registry.npmjs.org/@types/react-transition-group/-/react-transition-group-4.4.0.tgz",
            "integrity": "sha512-/QfLHGpu+2fQOqQaXh8MG9q03bFENooTb/it4jr5kKaZlDQfWvjqWZg48AwzPVMBHlRuTRAY7hRHCEOXz5kV6w==",
            "requires": {
                "@types/react": "*"
            }
        },
        "balanced-match": {
            "version": "1.0.0",
            "resolved": "https://registry.npmjs.org/balanced-match/-/balanced-match-1.0.0.tgz",
            "integrity": "sha1-ibTRmasr7kneFk6gK4nORi1xt2c=",
            "dev": true
        },
        "brace-expansion": {
            "version": "1.1.11",
            "resolved": "https://registry.npmjs.org/brace-expansion/-/brace-expansion-1.1.11.tgz",
            "integrity": "sha512-iCuPHDFgrHX7H2vEI/5xpz07zSHB00TpugqhmYtVmMO6518mCuRMoOYFldEBl0g187ufozdaHgWKcYFb61qGiA==",
            "dev": true,
            "requires": {
                "balanced-match": "^1.0.0",
                "concat-map": "0.0.1"
            }
        },
        "clone": {
            "version": "2.1.2",
            "resolved": "https://registry.npmjs.org/clone/-/clone-2.1.2.tgz",
            "integrity": "sha1-G39Ln1kfHo+DZwQBYANFoCiHQ18="
        },
        "clsx": {
            "version": "1.1.1",
            "resolved": "https://registry.npmjs.org/clsx/-/clsx-1.1.1.tgz",
            "integrity": "sha512-6/bPho624p3S2pMyvP5kKBPXnI3ufHLObBFCfgx+LkeR5lg2XYy2hqZqUf45ypD8COn2bhgGJSUE+l5dhNBieA=="
        },
        "concat-map": {
            "version": "0.0.1",
            "resolved": "https://registry.npmjs.org/concat-map/-/concat-map-0.0.1.tgz",
            "integrity": "sha1-2Klr13/Wjfd5OnMDajug1UBdR3s=",
            "dev": true
        },
        "css-vendor": {
            "version": "2.0.8",
            "resolved": "https://registry.npmjs.org/css-vendor/-/css-vendor-2.0.8.tgz",
            "integrity": "sha512-x9Aq0XTInxrkuFeHKbYC7zWY8ai7qJ04Kxd9MnvbC1uO5DagxoHQjm4JvG+vCdXOoFtCjbL2XSZfxmoYa9uQVQ==",
            "requires": {
                "@babel/runtime": "^7.8.3",
                "is-in-browser": "^1.0.2"
            }
        },
        "csstype": {
            "version": "2.6.13",
            "resolved": "https://registry.npmjs.org/csstype/-/csstype-2.6.13.tgz",
            "integrity": "sha512-ul26pfSQTZW8dcOnD2iiJssfXw0gdNVX9IJDH/X3K5DGPfj+fUYe3kB+swUY6BF3oZDxaID3AJt+9/ojSAE05A=="
        },
        "deep-equal": {
            "version": "1.1.1",
            "resolved": "https://registry.npmjs.org/deep-equal/-/deep-equal-1.1.1.tgz",
            "integrity": "sha512-yd9c5AdiqVcR+JjcwUQb9DkhJc8ngNr0MahEBGvDiJw8puWab2yZlh+nkasOnZP+EGTAP6rRp2JzJhJZzvNF8g==",
            "requires": {
                "is-arguments": "^1.0.4",
                "is-date-object": "^1.0.1",
                "is-regex": "^1.0.4",
                "object-is": "^1.0.1",
                "object-keys": "^1.1.1",
                "regexp.prototype.flags": "^1.2.0"
            }
        },
        "define-properties": {
            "version": "1.1.3",
            "resolved": "https://registry.npmjs.org/define-properties/-/define-properties-1.1.3.tgz",
            "integrity": "sha512-3MqfYKj2lLzdMSf8ZIZE/V+Zuy+BgD6f164e8K2w7dgnpKArBDerGYpM46IYYcjnkdPNMjPk9A6VFB8+3SKlXQ==",
            "requires": {
                "object-keys": "^1.0.12"
            }
        },
        "dom-helpers": {
            "version": "5.2.0",
            "resolved": "https://registry.npmjs.org/dom-helpers/-/dom-helpers-5.2.0.tgz",
            "integrity": "sha512-Ru5o9+V8CpunKnz5LGgWXkmrH/20cGKwcHwS4m73zIvs54CN9epEmT/HLqFJW3kXpakAFkEdzgy1hzlJe3E4OQ==",
            "requires": {
                "@babel/runtime": "^7.8.7",
                "csstype": "^3.0.2"
            },
            "dependencies": {
                "csstype": {
                    "version": "3.0.2",
                    "resolved": "https://registry.npmjs.org/csstype/-/csstype-3.0.2.tgz",
                    "integrity": "sha512-ofovWglpqoqbfLNOTBNZLSbMuGrblAf1efvvArGKOZMBrIoJeu5UsAipQolkijtyQx5MtAzT/J9IHj/CEY1mJw=="
                }
            }
        },
        "es-abstract": {
            "version": "1.17.6",
            "resolved": "https://registry.npmjs.org/es-abstract/-/es-abstract-1.17.6.tgz",
            "integrity": "sha512-Fr89bON3WFyUi5EvAeI48QTWX0AyekGgLA8H+c+7fbfCkJwRWRMLd8CQedNEyJuoYYhmtEqY92pgte1FAhBlhw==",
            "requires": {
                "es-to-primitive": "^1.2.1",
                "function-bind": "^1.1.1",
                "has": "^1.0.3",
                "has-symbols": "^1.0.1",
                "is-callable": "^1.2.0",
                "is-regex": "^1.1.0",
                "object-inspect": "^1.7.0",
                "object-keys": "^1.1.1",
                "object.assign": "^4.1.0",
                "string.prototype.trimend": "^1.0.1",
                "string.prototype.trimstart": "^1.0.1"
            }
        },
        "es-to-primitive": {
            "version": "1.2.1",
            "resolved": "https://registry.npmjs.org/es-to-primitive/-/es-to-primitive-1.2.1.tgz",
            "integrity": "sha512-QCOllgZJtaUo9miYBcLChTUaHNjJF3PYs1VidD7AwiEj1kYxKeQTctLAezAOH5ZKRH0g2IgPn6KwB4IT8iRpvA==",
            "requires": {
                "is-callable": "^1.1.4",
                "is-date-object": "^1.0.1",
                "is-symbol": "^1.0.2"
            }
        },
        "eventemitter3": {
            "version": "2.0.3",
            "resolved": "https://registry.npmjs.org/eventemitter3/-/eventemitter3-2.0.3.tgz",
            "integrity": "sha1-teEHm1n7XhuidxwKmTvgYKWMmbo="
        },
        "extend": {
            "version": "3.0.2",
            "resolved": "https://registry.npmjs.org/extend/-/extend-3.0.2.tgz",
            "integrity": "sha512-fjquC59cD7CyW6urNXK0FBufkZcoiGG80wTuPujX590cB5Ttln20E2UB4S/WARVqhXffZl2LNgS+gQdPIIim/g=="
        },
        "fast-diff": {
            "version": "1.1.2",
            "resolved": "https://registry.npmjs.org/fast-diff/-/fast-diff-1.1.2.tgz",
            "integrity": "sha512-KaJUt+M9t1qaIteSvjc6P3RbMdXsNhK61GRftR6SNxqmhthcd9MGIi4T+o0jD8LUSpSnSKXE20nLtJ3fOHxQig=="
        },
        "fs.realpath": {
            "version": "1.0.0",
            "resolved": "https://registry.npmjs.org/fs.realpath/-/fs.realpath-1.0.0.tgz",
            "integrity": "sha1-FQStJSMVjKpA20onh8sBQRmU6k8=",
            "dev": true
        },
        "function-bind": {
            "version": "1.1.1",
            "resolved": "https://registry.npmjs.org/function-bind/-/function-bind-1.1.1.tgz",
            "integrity": "sha512-yIovAzMX49sF8Yl58fSCWJ5svSLuaibPxXQJFLmBObTuCr0Mf1KiPopGM9NiFjiYBCbfaa2Fh6breQ6ANVTI0A=="
        },
        "glob": {
            "version": "7.1.6",
            "resolved": "https://registry.npmjs.org/glob/-/glob-7.1.6.tgz",
            "integrity": "sha512-LwaxwyZ72Lk7vZINtNNrywX0ZuLyStrdDtabefZKAY5ZGJhVtgdznluResxNmPitE0SAO+O26sWTHeKSI2wMBA==",
            "dev": true,
            "requires": {
                "fs.realpath": "^1.0.0",
                "inflight": "^1.0.4",
                "inherits": "2",
                "minimatch": "^3.0.4",
                "once": "^1.3.0",
                "path-is-absolute": "^1.0.0"
            }
        },
        "has": {
            "version": "1.0.3",
            "resolved": "https://registry.npmjs.org/has/-/has-1.0.3.tgz",
            "integrity": "sha512-f2dvO0VU6Oej7RkWJGrehjbzMAjFp5/VKPp5tTpWIV4JHHZK1/BxbFRtf/siA2SWTe09caDmVtYYzWEIbBS4zw==",
            "requires": {
                "function-bind": "^1.1.1"
            }
        },
        "has-symbols": {
            "version": "1.0.1",
            "resolved": "https://registry.npmjs.org/has-symbols/-/has-symbols-1.0.1.tgz",
            "integrity": "sha512-PLcsoqu++dmEIZB+6totNFKq/7Do+Z0u4oT0zKOJNl3lYK6vGwwu2hjHs+68OEZbTjiUE9bgOABXbP/GvrS0Kg=="
        },
        "hoist-non-react-statics": {
            "version": "3.3.2",
            "resolved": "https://registry.npmjs.org/hoist-non-react-statics/-/hoist-non-react-statics-3.3.2.tgz",
            "integrity": "sha512-/gGivxi8JPKWNm/W0jSmzcMPpfpPLc3dY/6GxhX2hQ9iGj3aDfklV4ET7NjKpSinLpJ5vafa9iiGIEZg10SfBw==",
            "requires": {
                "react-is": "^16.7.0"
            }
        },
        "hyphenate-style-name": {
            "version": "1.0.4",
            "resolved": "https://registry.npmjs.org/hyphenate-style-name/-/hyphenate-style-name-1.0.4.tgz",
            "integrity": "sha512-ygGZLjmXfPHj+ZWh6LwbC37l43MhfztxetbFCoYTM2VjkIUpeHgSNn7QIyVFj7YQ1Wl9Cbw5sholVJPzWvC2MQ=="
        },
        "inflight": {
            "version": "1.0.6",
            "resolved": "https://registry.npmjs.org/inflight/-/inflight-1.0.6.tgz",
            "integrity": "sha1-Sb1jMdfQLQwJvJEKEHW6gWW1bfk=",
            "dev": true,
            "requires": {
                "once": "^1.3.0",
                "wrappy": "1"
            }
        },
        "inherits": {
            "version": "2.0.4",
            "resolved": "https://registry.npmjs.org/inherits/-/inherits-2.0.4.tgz",
            "integrity": "sha512-k/vGaX4/Yla3WzyMCvTQOXYeIHvqOKtnqBduzTHpzpQZzAskKMhZ2K+EnBiSM9zGSoIFeMpXKxa4dYeZIQqewQ==",
            "dev": true
        },
        "is-arguments": {
            "version": "1.0.4",
            "resolved": "https://registry.npmjs.org/is-arguments/-/is-arguments-1.0.4.tgz",
            "integrity": "sha512-xPh0Rmt8NE65sNzvyUmWgI1tz3mKq74lGA0mL8LYZcoIzKOzDh6HmrYm3d18k60nHerC8A9Km8kYu87zfSFnLA=="
        },
        "is-callable": {
            "version": "1.2.0",
            "resolved": "https://registry.npmjs.org/is-callable/-/is-callable-1.2.0.tgz",
            "integrity": "sha512-pyVD9AaGLxtg6srb2Ng6ynWJqkHU9bEM087AKck0w8QwDarTfNcpIYoU8x8Hv2Icm8u6kFJM18Dag8lyqGkviw=="
        },
        "is-date-object": {
            "version": "1.0.2",
            "resolved": "https://registry.npmjs.org/is-date-object/-/is-date-object-1.0.2.tgz",
            "integrity": "sha512-USlDT524woQ08aoZFzh3/Z6ch9Y/EWXEHQ/AaRN0SkKq4t2Jw2R2339tSXmwuVoY7LLlBCbOIlx2myP/L5zk0g=="
        },
        "is-in-browser": {
            "version": "1.1.3",
            "resolved": "https://registry.npmjs.org/is-in-browser/-/is-in-browser-1.1.3.tgz",
            "integrity": "sha1-Vv9NtoOgeMYILrldrX3GLh0E+DU="
        },
        "is-regex": {
            "version": "1.1.1",
            "resolved": "https://registry.npmjs.org/is-regex/-/is-regex-1.1.1.tgz",
            "integrity": "sha512-1+QkEcxiLlB7VEyFtyBg94e08OAsvq7FUBgApTq/w2ymCLyKJgDPsybBENVtA7XCQEgEXxKPonG+mvYRxh/LIg==",
            "requires": {
                "has-symbols": "^1.0.1"
            }
        },
        "is-symbol": {
            "version": "1.0.3",
            "resolved": "https://registry.npmjs.org/is-symbol/-/is-symbol-1.0.3.tgz",
            "integrity": "sha512-OwijhaRSgqvhm/0ZdAcXNZt9lYdKFpcRDT5ULUuYXPoT794UNOdU+gpT6Rzo7b4V2HUl/op6GqY894AZwv9faQ==",
            "requires": {
                "has-symbols": "^1.0.1"
            }
        },
        "js-tokens": {
            "version": "4.0.0",
            "resolved": "https://registry.npmjs.org/js-tokens/-/js-tokens-4.0.0.tgz",
            "integrity": "sha512-RdJUflcE3cUzKiMqQgsCu06FPu9UdIJO0beYbPhHN4k6apgJtifcoCtT9bcxOpYBtpD2kCM6Sbzg4CausW/PKQ=="
        },
        "jss": {
            "version": "10.3.0",
            "resolved": "https://registry.npmjs.org/jss/-/jss-10.3.0.tgz",
            "integrity": "sha512-B5sTRW9B6uHaUVzSo9YiMEOEp3UX8lWevU0Fsv+xtRnsShmgCfIYX44bTH8bPJe6LQKqEXku3ulKuHLbxBS97Q==",
            "requires": {
                "@babel/runtime": "^7.3.1",
                "csstype": "^2.6.5",
                "is-in-browser": "^1.1.3",
                "tiny-warning": "^1.0.2"
            }
        },
        "jss-plugin-camel-case": {
            "version": "10.3.0",
            "resolved": "https://registry.npmjs.org/jss-plugin-camel-case/-/jss-plugin-camel-case-10.3.0.tgz",
            "integrity": "sha512-tadWRi/SLWqLK3EUZEdDNJL71F3ST93Zrl9JYMjV0QDqKPAl0Liue81q7m/nFUpnSTXczbKDy4wq8rI8o7WFqA==",
            "requires": {
                "@babel/runtime": "^7.3.1",
                "hyphenate-style-name": "^1.0.3",
                "jss": "^10.3.0"
            }
        },
        "jss-plugin-default-unit": {
            "version": "10.3.0",
            "resolved": "https://registry.npmjs.org/jss-plugin-default-unit/-/jss-plugin-default-unit-10.3.0.tgz",
            "integrity": "sha512-tT5KkIXAsZOSS9WDSe8m8lEHIjoEOj4Pr0WrG0WZZsMXZ1mVLFCSsD2jdWarQWDaRNyMj/I4d7czRRObhOxSuw==",
            "requires": {
                "@babel/runtime": "^7.3.1",
                "jss": "^10.3.0"
            }
        },
        "jss-plugin-global": {
            "version": "10.3.0",
            "resolved": "https://registry.npmjs.org/jss-plugin-global/-/jss-plugin-global-10.3.0.tgz",
            "integrity": "sha512-etYTG/y3qIR/vxZnKY+J3wXwObyBDNhBiB3l/EW9/pE3WHE//BZdK8LFvQcrCO48sZW1Z6paHo6klxUPP7WbzA==",
            "requires": {
                "@babel/runtime": "^7.3.1",
                "jss": "^10.3.0"
            }
        },
        "jss-plugin-nested": {
            "version": "10.3.0",
            "resolved": "https://registry.npmjs.org/jss-plugin-nested/-/jss-plugin-nested-10.3.0.tgz",
            "integrity": "sha512-qWiEkoXNEkkZ+FZrWmUGpf+zBsnEOmKXhkjNX85/ZfWhH9dfGxUCKuJFuOWFM+rjQfxV4csfesq4hY0jk8Qt0w==",
            "requires": {
                "@babel/runtime": "^7.3.1",
                "jss": "^10.3.0",
                "tiny-warning": "^1.0.2"
            }
        },
        "jss-plugin-props-sort": {
            "version": "10.3.0",
            "resolved": "https://registry.npmjs.org/jss-plugin-props-sort/-/jss-plugin-props-sort-10.3.0.tgz",
            "integrity": "sha512-boetORqL/lfd7BWeFD3K+IyPqyIC+l3CRrdZr+NPq7Noqp+xyg/0MR7QisgzpxCEulk+j2CRcEUoZsvgPC4nTg==",
            "requires": {
                "@babel/runtime": "^7.3.1",
                "jss": "^10.3.0"
            }
        },
        "jss-plugin-rule-value-function": {
            "version": "10.3.0",
            "resolved": "https://registry.npmjs.org/jss-plugin-rule-value-function/-/jss-plugin-rule-value-function-10.3.0.tgz",
            "integrity": "sha512-7WiMrKIHH3rwxTuJki9+7nY11r1UXqaUZRhHvqTD4/ZE+SVhvtD5Tx21ivNxotwUSleucA/8boX+NF21oXzr5Q==",
            "requires": {
                "@babel/runtime": "^7.3.1",
                "jss": "^10.3.0",
                "tiny-warning": "^1.0.2"
            }
        },
        "jss-plugin-vendor-prefixer": {
            "version": "10.3.0",
            "resolved": "https://registry.npmjs.org/jss-plugin-vendor-prefixer/-/jss-plugin-vendor-prefixer-10.3.0.tgz",
            "integrity": "sha512-sZQbrcZyP5V0ADjCLwUA1spVWoaZvM7XZ+2fSeieZFBj31cRsnV7X70FFDerMHeiHAXKWzYek+67nMDjhrZAVQ==",
            "requires": {
                "@babel/runtime": "^7.3.1",
                "css-vendor": "^2.0.8",
                "jss": "^10.3.0"
            }
        },
        "lodash": {
            "version": "4.17.19",
            "resolved": "https://registry.npmjs.org/lodash/-/lodash-4.17.19.tgz",
            "integrity": "sha512-JNvd8XER9GQX0v2qJgsaN/mzFCNA5BRe/j8JN9d+tWyGLSodKQHKFicdwNYzWwI3wjRnaKPsGj1XkBjx/F96DQ=="
        },
        "loose-envify": {
            "version": "1.4.0",
            "resolved": "https://registry.npmjs.org/loose-envify/-/loose-envify-1.4.0.tgz",
            "integrity": "sha512-lyuxPGr/Wfhrlem2CL/UcnUc1zcqKAImBDzukY7Y5F/yQiNdko6+fRLevlw1HgMySw7f611UIY408EtxRSoK3Q==",
            "requires": {
                "js-tokens": "^3.0.0 || ^4.0.0"
            }
        },
        "minimatch": {
            "version": "3.0.4",
            "resolved": "https://registry.npmjs.org/minimatch/-/minimatch-3.0.4.tgz",
            "integrity": "sha512-yJHVQEhyqPLUTgt9B83PXu6W3rx4MvvHvSUvToogpwoGDOUQ+yDrR0HRot+yOCdCO7u4hX3pWft6kWBBcqh0UA==",
            "dev": true,
            "requires": {
                "brace-expansion": "^1.1.7"
            }
        },
        "object-assign": {
            "version": "4.1.1",
            "resolved": "https://registry.npmjs.org/object-assign/-/object-assign-4.1.1.tgz",
            "integrity": "sha1-IQmtx5ZYh8/AXLvUQsrIv7s2CGM="
        },
        "object-inspect": {
            "version": "1.8.0",
            "resolved": "https://registry.npmjs.org/object-inspect/-/object-inspect-1.8.0.tgz",
            "integrity": "sha512-jLdtEOB112fORuypAyl/50VRVIBIdVQOSUUGQHzJ4xBSbit81zRarz7GThkEFZy1RceYrWYcPcBFPQwHyAc1gA=="
        },
        "object-is": {
            "version": "1.1.2",
            "resolved": "https://registry.npmjs.org/object-is/-/object-is-1.1.2.tgz",
            "integrity": "sha512-5lHCz+0uufF6wZ7CRFWJN3hp8Jqblpgve06U5CMQ3f//6iDjPr2PEo9MWCjEssDsa+UZEL4PkFpr+BMop6aKzQ==",
            "requires": {
                "define-properties": "^1.1.3",
                "es-abstract": "^1.17.5"
            }
        },
        "object-keys": {
            "version": "1.1.1",
            "resolved": "https://registry.npmjs.org/object-keys/-/object-keys-1.1.1.tgz",
            "integrity": "sha512-NuAESUOUMrlIXOfHKzD6bpPu3tYt3xvjNdRIQ+FeT0lNb4K8WR70CaDxhuNguS2XG+GjkyMwOzsN5ZktImfhLA=="
        },
        "object.assign": {
            "version": "4.1.0",
            "resolved": "https://registry.npmjs.org/object.assign/-/object.assign-4.1.0.tgz",
            "integrity": "sha512-exHJeq6kBKj58mqGyTQ9DFvrZC/eR6OwxzoM9YRoGBqrXYonaFyGiFMuc9VZrXf7DarreEwMpurG3dd+CNyW5w==",
            "requires": {
                "define-properties": "^1.1.2",
                "function-bind": "^1.1.1",
                "has-symbols": "^1.0.0",
                "object-keys": "^1.0.11"
            }
        },
        "once": {
            "version": "1.4.0",
            "resolved": "https://registry.npmjs.org/once/-/once-1.4.0.tgz",
            "integrity": "sha1-WDsap3WWHUsROsF9nFC6753Xa9E=",
            "dev": true,
            "requires": {
                "wrappy": "1"
            }
        },
        "parchment": {
            "version": "1.1.4",
            "resolved": "https://registry.npmjs.org/parchment/-/parchment-1.1.4.tgz",
            "integrity": "sha512-J5FBQt/pM2inLzg4hEWmzQx/8h8D0CiDxaG3vyp9rKrQRSDgBlhjdP5jQGgosEajXPSQouXGHOmVdgo7QmJuOg=="
        },
        "path-is-absolute": {
            "version": "1.0.1",
            "resolved": "https://registry.npmjs.org/path-is-absolute/-/path-is-absolute-1.0.1.tgz",
            "integrity": "sha1-F0uSaHNVNP+8es5r9TpanhtcX18=",
            "dev": true
        },
        "popper.js": {
            "version": "1.16.1-lts",
            "resolved": "https://registry.npmjs.org/popper.js/-/popper.js-1.16.1-lts.tgz",
            "integrity": "sha512-Kjw8nKRl1m+VrSFCoVGPph93W/qrSO7ZkqPpTf7F4bk/sqcfWK019dWBUpE/fBOsOQY1dks/Bmcbfn1heM/IsA=="
        },
        "prop-types": {
            "version": "15.7.2",
            "resolved": "https://registry.npmjs.org/prop-types/-/prop-types-15.7.2.tgz",
            "integrity": "sha512-8QQikdH7//R2vurIJSutZ1smHYTcLpRWEOlHnzcWHmBYrOGUysKwSsrC89BCiFj3CbrfJ/nXFdJepOVrY1GCHQ==",
            "requires": {
                "loose-envify": "^1.4.0",
                "object-assign": "^4.1.1",
                "react-is": "^16.8.1"
            }
        },
        "quill": {
            "version": "1.3.7",
            "resolved": "https://registry.npmjs.org/quill/-/quill-1.3.7.tgz",
            "integrity": "sha512-hG/DVzh/TiknWtE6QmWAF/pxoZKYxfe3J/d/+ShUWkDvvkZQVTPeVmUJVu1uE6DDooC4fWTiCLh84ul89oNz5g==",
            "requires": {
                "clone": "^2.1.1",
                "deep-equal": "^1.0.1",
                "eventemitter3": "^2.0.3",
                "extend": "^3.0.2",
                "parchment": "^1.1.4",
                "quill-delta": "^3.6.2"
            }
        },
        "quill-delta": {
            "version": "3.6.3",
            "resolved": "https://registry.npmjs.org/quill-delta/-/quill-delta-3.6.3.tgz",
            "integrity": "sha512-wdIGBlcX13tCHOXGMVnnTVFtGRLoP0imqxM696fIPwIf5ODIYUHIvHbZcyvGlZFiFhK5XzDC2lpjbxRhnM05Tg==",
            "requires": {
                "deep-equal": "^1.0.1",
                "extend": "^3.0.2",
                "fast-diff": "1.1.2"
            }
        },
        "react-is": {
            "version": "16.13.1",
            "resolved": "https://registry.npmjs.org/react-is/-/react-is-16.13.1.tgz",
            "integrity": "sha512-24e6ynE2H+OKt4kqsOvNd8kBpV65zoxbA4BVsEOB3ARVWQki/DHzaUoC5KuON/BiccDaCCTZBuOcfZs70kR8bQ=="
        },
        "react-transition-group": {
            "version": "4.4.1",
            "resolved": "https://registry.npmjs.org/react-transition-group/-/react-transition-group-4.4.1.tgz",
            "integrity": "sha512-Djqr7OQ2aPUiYurhPalTrVy9ddmFCCzwhqQmtN+J3+3DzLO209Fdr70QrN8Z3DsglWql6iY1lDWAfpFiBtuKGw==",
            "requires": {
                "@babel/runtime": "^7.5.5",
                "dom-helpers": "^5.0.1",
                "loose-envify": "^1.4.0",
                "prop-types": "^15.6.2"
            }
        },
        "regenerator-runtime": {
            "version": "0.13.7",
            "resolved": "https://registry.npmjs.org/regenerator-runtime/-/regenerator-runtime-0.13.7.tgz",
            "integrity": "sha512-a54FxoJDIr27pgf7IgeQGxmqUNYrcV338lf/6gH456HZ/PhX+5BcwHXG9ajESmwe6WRO0tAzRUrRmNONWgkrew=="
        },
        "regexp.prototype.flags": {
            "version": "1.3.0",
            "resolved": "https://registry.npmjs.org/regexp.prototype.flags/-/regexp.prototype.flags-1.3.0.tgz",
            "integrity": "sha512-2+Q0C5g951OlYlJz6yu5/M33IcsESLlLfsyIaLJaG4FA2r4yP8MvVMJUUP/fVBkSpbbbZlS5gynbEWLipiiXiQ==",
            "requires": {
                "define-properties": "^1.1.3",
                "es-abstract": "^1.17.0-next.1"
            }
        },
        "rimraf": {
            "version": "2.7.1",
            "resolved": "https://registry.npmjs.org/rimraf/-/rimraf-2.7.1.tgz",
            "integrity": "sha512-uWjbaKIK3T1OSVptzX7Nl6PvQ3qAGtKEtVRjRuazjfL3Bx5eI409VZSqgND+4UNnmzLVdPj9FqFJNPqBZFve4w==",
            "dev": true,
            "requires": {
                "glob": "^7.1.3"
            }
        },
        "string.prototype.trimend": {
            "version": "1.0.1",
            "resolved": "https://registry.npmjs.org/string.prototype.trimend/-/string.prototype.trimend-1.0.1.tgz",
            "integrity": "sha512-LRPxFUaTtpqYsTeNKaFOw3R4bxIzWOnbQ837QfBylo8jIxtcbK/A/sMV7Q+OAV/vWo+7s25pOE10KYSjaSO06g==",
            "requires": {
                "define-properties": "^1.1.3",
                "es-abstract": "^1.17.5"
            }
        },
        "string.prototype.trimstart": {
            "version": "1.0.1",
            "resolved": "https://registry.npmjs.org/string.prototype.trimstart/-/string.prototype.trimstart-1.0.1.tgz",
            "integrity": "sha512-XxZn+QpvrBI1FOcg6dIpxUPgWCPuNXvMD72aaRaUQv1eD4e/Qy8i/hFTe0BUmD60p/QA6bh1avmuPTfNjqVWRw==",
            "requires": {
                "define-properties": "^1.1.3",
                "es-abstract": "^1.17.5"
            }
        },
        "tiny-warning": {
            "version": "1.0.3",
            "resolved": "https://registry.npmjs.org/tiny-warning/-/tiny-warning-1.0.3.tgz",
            "integrity": "sha512-lBN9zLN/oAf68o3zNXYrdCt1kP8WsiGW8Oo2ka41b2IM5JL/S1CTyX1rW0mb/zSuJun0ZUrDxx4sqvYS2FWzPA=="
        },
        "wrappy": {
            "version": "1.0.2",
            "resolved": "https://registry.npmjs.org/wrappy/-/wrappy-1.0.2.tgz",
            "integrity": "sha1-tSQ9jz7BqjXxNkYFvA0QNuMKtp8=",
            "dev": true
        }
    }
}
