{
	"requires": true,
	"lockfileVersion": 1,
	"dependencies": {
		"graphql": {
			"version": "0.13.2",
			"resolved": "https://registry.npmjs.org/graphql/-/graphql-0.13.2.tgz",
			"integrity": "sha512-QZ5BL8ZO/B20VA8APauGBg3GyEgZ19eduvpLWoq5x7gMmWnHoy8rlQWPLmWgFvo1yNgjSEFMesmS4R6pPr7xog==",
			"requires": {
				"iterall": "^1.2.1"
			}
		},
		"graphql-tag": {
			"version": "2.9.2",
			"resolved": "https://registry.npmjs.org/graphql-tag/-/graphql-tag-2.9.2.tgz",
			"integrity": "sha512-qnNmof9pAqj/LUzs3lStP0Gw1qhdVCUS7Ab7+SUB6KD5aX1uqxWQRwMnOGTkhKuLvLNIs1TvNz+iS9kUGl1MhA=="
		},
		"iterall": {
			"version": "1.2.2",
			"resolved": "https://registry.npmjs.org/iterall/-/iterall-1.2.2.tgz",
			"integrity": "sha512-yynBb1g+RFUPY64fTrFv7nsjRrENBQJaX2UL+2Szc9REFrSNm1rpSXHGzhmAy7a9uv3vlvgBlXnf9RqmPH1/DA=="
		},
		"lodash": {
			"version": "4.17.10",
			"resolved": "https://registry.npmjs.org/lodash/-/lodash-4.17.10.tgz",
			"integrity": "sha512-UejweD1pDoXu+AD825lWwp4ZGtSwgnpZxb3JDViD7StjQz+Nb/6l093lx4OQ0foGWNRoc19mWy7BzL+UAK2iVg=="
		},
		"pluralize": {
			"version": "7.0.0",
			"resolved": "https://registry.npmjs.org/pluralize/-/pluralize-7.0.0.tgz",
			"integrity": "sha512-ARhBOdzS3e41FbkW/XWrTEtukqqLoK5+Z/4UeDaLuSW+39JPeFgs4gCGqsrJHVZX0fUrx//4OF0K1CUGwlIFow=="
		}
	}
}
