{
	"requires": true,
	"lockfileVersion": 1,
	"dependencies": {
		"decode-uri-component": {
			"version": "0.2.0",
			"resolved": "https://registry.npmjs.org/decode-uri-component/-/decode-uri-component-0.2.0.tgz",
			"integrity": "sha1-6zkTMzRYd1y4TNGh+uBiEGu4dUU="
		},
		"query-string": {
			"version": "6.0.0",
			"resolved": "https://registry.npmjs.org/query-string/-/query-string-6.0.0.tgz",
			"integrity": "sha1-i485RHtz6CkNb141gXeSGOkXEUI=",
			"requires": {
				"decode-uri-component": "^0.2.0",
				"strict-uri-encode": "^2.0.0"
			}
		},
		"strict-uri-encode": {
			"version": "2.0.0",
			"resolved": "https://registry.npmjs.org/strict-uri-encode/-/strict-uri-encode-2.0.0.tgz",
			"integrity": "sha1-ucczDHBChi9rFC3CdLvMWGbONUY="
		}
	}
}
