{
	"requires": true,
	"lockfileVersion": 1,
	"dependencies": {
		"@types/async": {
			"version": "2.0.49",
			"resolved": "https://registry.npmjs.org/@types/async/-/async-2.0.49.tgz",
			"integrity": "sha512-Benr3i5odUkvpFkOpzGqrltGdbSs+EVCkEBGXbuR7uT0VzhXKIkhem6PDzHdx5EonA+rfbB3QvP6aDOw5+zp5Q==",
			"optional": true
		},
		"@types/graphql": {
			"version": "0.12.6",
			"resolved": "https://registry.npmjs.org/@types/graphql/-/graphql-0.12.6.tgz",
			"integrity": "sha512-wXAVyLfkG1UMkKOdMijVWFky39+OD/41KftzqfX1Oejd0Gm6dOIKjCihSVECg6X7PHjftxXmfOKA/d1H79ZfvQ=="
		},
		"@types/zen-observable": {
			"version": "0.5.3",
			"resolved": "https://registry.npmjs.org/@types/zen-observable/-/zen-observable-0.5.3.tgz",
			"integrity": "sha512-aDvGDAHcVfUqNmd8q4//cHAP+HGxsbChbBbuk3+kMVk5TTxfWLpQWvVN3+UPjohLnwMYN7jr6BWNn2cYNqdm7g=="
		},
		"apollo-cache": {
			"version": "1.1.8",
			"resolved": "https://registry.npmjs.org/apollo-cache/-/apollo-cache-1.1.8.tgz",
			"integrity": "sha512-w2dzVVxosPK+9HQUBJ/P0fQMdAslWr/a1NHPubtN/Guwe93/k56IV0jDcJedMxXWzICuuI/gjZSYNAdb91WNWw==",
			"requires": {
				"apollo-utilities": "^1.0.12"
			}
		},
		"apollo-cache-inmemory": {
			"version": "1.2.1",
			"resolved": "https://registry.npmjs.org/apollo-cache-inmemory/-/apollo-cache-inmemory-1.2.1.tgz",
			"integrity": "sha512-WZ5EGmJqellVX+PPmq0QeqeQJiZCjjfmkp3x+MV3DRMwTzT2jeJYQAYGIzJuq8PjG4V0vljVJK/Ad93PHqzgdQ==",
			"requires": {
				"apollo-cache": "^1.1.8",
				"apollo-utilities": "^1.0.12",
				"graphql-anywhere": "^4.1.10"
			}
		},
		"apollo-client": {
			"version": "2.3.1",
			"resolved": "https://registry.npmjs.org/apollo-client/-/apollo-client-2.3.1.tgz",
			"integrity": "sha512-f+692AEAY0XYUPAO4nuSOIAy7jgqNw94bXuvMvKmFYdMwJLRIr5gOPUXgOwCYwwVo+NqWF6cy20dkZ4gkCWZ+Q==",
			"requires": {
				"@types/async": "2.0.49",
				"@types/zen-observable": "^0.5.3",
				"apollo-cache": "^1.1.8",
				"apollo-link": "^1.0.0",
				"apollo-link-dedup": "^1.0.0",
				"apollo-utilities": "^1.0.12",
				"symbol-observable": "^1.0.2",
				"zen-observable": "^0.8.0"
			}
		},
		"apollo-client-preset": {
			"version": "1.0.8",
			"resolved": "https://registry.npmjs.org/apollo-client-preset/-/apollo-client-preset-1.0.8.tgz",
			"integrity": "sha512-vRrdBfoOBkSboUmkec/zDWK9dT22GoZ2NgTKxfPXaTRh82HGDejDAblMr7BuDtZQ6zxMUiD9kghmO+3HXsHKdQ==",
			"requires": {
				"apollo-cache-inmemory": "^1.1.7",
				"apollo-client": "^2.2.2",
				"apollo-link": "^1.0.6",
				"apollo-link-http": "^1.3.1",
				"graphql-tag": "^2.4.2"
			}
		},
		"apollo-link": {
			"version": "1.2.2",
			"resolved": "https://registry.npmjs.org/apollo-link/-/apollo-link-1.2.2.tgz",
			"integrity": "sha512-Uk/BC09dm61DZRDSu52nGq0nFhq7mcBPTjy5EEH1eunJndtCaNXQhQz/BjkI2NdrfGI+B+i5he6YSoRBhYizdw==",
			"requires": {
				"@types/graphql": "0.12.6",
				"apollo-utilities": "^1.0.0",
				"zen-observable-ts": "^0.8.9"
			}
		},
		"apollo-link-dedup": {
			"version": "1.0.9",
			"resolved": "https://registry.npmjs.org/apollo-link-dedup/-/apollo-link-dedup-1.0.9.tgz",
			"integrity": "sha512-RbuEKpmSHVMtoREMPh2wUFTeh65q+0XPVeqgaOP/rGEAfvLyOMvX0vT2nVaejMohoMxuUnfZwpldXaDFWnlVbg==",
			"requires": {
				"apollo-link": "^1.2.2"
			}
		},
		"apollo-link-http": {
			"version": "1.5.4",
			"resolved": "https://registry.npmjs.org/apollo-link-http/-/apollo-link-http-1.5.4.tgz",
			"integrity": "sha512-e9Ng3HfnW00Mh3TI6DhNRfozmzQOtKgdi+qUAsHBOEcTP0PTAmb+9XpeyEEOueLyO0GXhB92HUCIhzrWMXgwyg==",
			"requires": {
				"apollo-link": "^1.2.2",
				"apollo-link-http-common": "^0.2.4"
			}
		},
		"apollo-link-http-common": {
			"version": "0.2.4",
			"resolved": "https://registry.npmjs.org/apollo-link-http-common/-/apollo-link-http-common-0.2.4.tgz",
			"integrity": "sha512-4j6o6WoXuSPen9xh4NBaX8/vL98X1xY2cYzUEK1F8SzvHe2oFONfxJBTekwU8hnvapcuq8Qh9Uct+gelu8T10g==",
			"requires": {
				"apollo-link": "^1.2.2"
			}
		},
		"apollo-utilities": {
			"version": "1.0.12",
			"resolved": "https://registry.npmjs.org/apollo-utilities/-/apollo-utilities-1.0.12.tgz",
			"integrity": "sha512-3mSen+NLouRwhmzCSHbMICfLBa6J+QJOc+M8zzLyo10jAYsOK+A2VgR63q4mcQJmAp8LumC5VAyah1zw6enMcg=="
		},
		"graphql": {
			"version": "0.13.2",
			"resolved": "https://registry.npmjs.org/graphql/-/graphql-0.13.2.tgz",
			"integrity": "sha512-QZ5BL8ZO/B20VA8APauGBg3GyEgZ19eduvpLWoq5x7gMmWnHoy8rlQWPLmWgFvo1yNgjSEFMesmS4R6pPr7xog==",
			"requires": {
				"iterall": "^1.2.1"
			}
		},
		"graphql-anywhere": {
			"version": "4.1.10",
			"resolved": "https://registry.npmjs.org/graphql-anywhere/-/graphql-anywhere-4.1.10.tgz",
			"integrity": "sha512-ab1O4mOkjlk+17ye5a7DxUuWafKP8aoH+xmc6SsPNZlrQ7spbArqyLIf2JdbwpzsVLXOyRvQpD6tcc0GtnxBfw==",
			"requires": {
				"apollo-utilities": "^1.0.12"
			}
		},
		"graphql-tag": {
			"version": "2.9.2",
			"resolved": "https://registry.npmjs.org/graphql-tag/-/graphql-tag-2.9.2.tgz",
			"integrity": "sha512-qnNmof9pAqj/LUzs3lStP0Gw1qhdVCUS7Ab7+SUB6KD5aX1uqxWQRwMnOGTkhKuLvLNIs1TvNz+iS9kUGl1MhA=="
		},
		"iterall": {
			"version": "1.2.2",
			"resolved": "https://registry.npmjs.org/iterall/-/iterall-1.2.2.tgz",
			"integrity": "sha512-yynBb1g+RFUPY64fTrFv7nsjRrENBQJaX2UL+2Szc9REFrSNm1rpSXHGzhmAy7a9uv3vlvgBlXnf9RqmPH1/DA=="
		},
		"lodash": {
			"version": "4.17.10",
			"resolved": "https://registry.npmjs.org/lodash/-/lodash-4.17.10.tgz",
			"integrity": "sha512-UejweD1pDoXu+AD825lWwp4ZGtSwgnpZxb3JDViD7StjQz+Nb/6l093lx4OQ0foGWNRoc19mWy7BzL+UAK2iVg=="
		},
		"pluralize": {
			"version": "7.0.0",
			"resolved": "https://registry.npmjs.org/pluralize/-/pluralize-7.0.0.tgz",
			"integrity": "sha512-ARhBOdzS3e41FbkW/XWrTEtukqqLoK5+Z/4UeDaLuSW+39JPeFgs4gCGqsrJHVZX0fUrx//4OF0K1CUGwlIFow=="
		},
		"symbol-observable": {
			"version": "1.2.0",
			"resolved": "https://registry.npmjs.org/symbol-observable/-/symbol-observable-1.2.0.tgz",
			"integrity": "sha512-e900nM8RRtGhlV36KGEU9k65K3mPb1WV70OdjfxlG2EAuM1noi/E/BaW/uMhL7bPEssK8QV57vN3esixjUvcXQ=="
		},
		"zen-observable": {
			"version": "0.8.8",
			"resolved": "https://registry.npmjs.org/zen-observable/-/zen-observable-0.8.8.tgz",
			"integrity": "sha512-HnhhyNnwTFzS48nihkCZIJGsWGFcYUz+XPDlPK5W84Ifji8SksC6m7sQWOf8zdCGhzQ4tDYuMYGu5B0N1dXTtg=="
		},
		"zen-observable-ts": {
			"version": "0.8.9",
			"resolved": "https://registry.npmjs.org/zen-observable-ts/-/zen-observable-ts-0.8.9.tgz",
			"integrity": "sha512-KJz2O8FxbAdAU5CSc8qZ1K2WYEJb1HxS6XDRF+hOJ1rOYcg6eTMmS9xYHCXzqZZzKw6BbXWyF4UpwSsBQnHJeA==",
			"requires": {
				"zen-observable": "^0.8.0"
			}
		}
	}
}
