# THIS IS AN AUTOGENERATED FILE. DO NOT EDIT THIS FILE DIRECTLY.
# yarn lockfile v1


centra@^2.2.1:
  version "2.4.0"
  resolved "https://registry.yarnpkg.com/centra/-/centra-2.4.0.tgz#53846f97db27705e9f90c46e0f824f6eb697e2d1"
  integrity sha512-AWmF3EHNe/noJHviynZOrdnUuQzT5AMgl9nJPXGvnzGXrI2ZvNDrEcdqskc4EtQwt2Q1IggXb0OXy7zZ1Xvvew==

now@^16.3.1:
  version "16.3.1"
  resolved "https://registry.yarnpkg.com/now/-/now-16.3.1.tgz#e1109145d0e8a4508b3e011f1c2b7047cb8733da"
  integrity sha512-bn+xHUiPRH1YRfe/hSo5WZUskOLX3igL4PTe9gnoLaUoq9ZuBQw5/6A4gG4VvW2HVQLgeRkp2OASfYnjuD+lcQ==

phin@^3.4.0:
  version "3.4.0"
  resolved "https://registry.yarnpkg.com/phin/-/phin-3.4.0.tgz#479df2ecfbbc2b8a6039852970b8b15a78da5169"
  integrity sha512-wueoW9X6HbzBN4AqV3Etv9kkgYyaObwPTsIYsUEmgDWiLI6SzYozEsOZ5e3Hd/9H0mrIUbqUuvOTA6SCqErJrQ==
  dependencies:
    centra "^2.2.1"
